
Microsoft Visual Studio Solution File, Format Version 12.00
# Visual Studio Version 17
VisualStudioVersion = 17.11.35222.181
MinimumVisualStudioVersion = 10.0.40219.1
Project("{9A19103F-16F7-4668-BE54-9A1E7A4F7556}") = "CE181985_Tran Minh Quan_Assignment 2", "CE181985_Tran Minh Quan_Assignment 2.csproj", "{AC452943-26B0-40D2-BF7E-04D77C98A6C5}"
EndProject
Global
	GlobalSection(SolutionConfigurationPlatforms) = preSolution
		Debug|Any CPU = Debug|Any CPU
		Release|Any CPU = Release|Any CPU
	EndGlobalSection
	GlobalSection(ProjectConfigurationPlatforms) = postSolution
		{AC452943-26B0-40D2-BF7E-04D77C98A6C5}.Debug|Any CPU.ActiveCfg = Debug|Any CPU
		{AC452943-26B0-40D2-BF7E-04D77C98A6C5}.Debug|Any CPU.Build.0 = Debug|Any CPU
		{AC452943-26B0-40D2-BF7E-04D77C98A6C5}.Release|Any CPU.ActiveCfg = Release|Any CPU
		{AC452943-26B0-40D2-BF7E-04D77C98A6C5}.Release|Any CPU.Build.0 = Release|Any CPU
	EndGlobalSection
	GlobalSection(SolutionProperties) = preSolution
		HideSolutionNode = FALSE
	EndGlobalSection
	GlobalSection(ExtensibilityGlobals) = postSolution
		SolutionGuid = {CD647A99-6A61-47F7-851D-DF2EF989C8CF}
	EndGlobalSection
EndGlobal
